
Microsoft Visual Studio Solution File, Format Version 12.00
# Visual Studio Version 16
VisualStudioVersion = 16.0.31112.23
MinimumVisualStudioVersion = 10.0.40219.1
Project("{FAE04EC0-301F-11D3-BF4B-00C04F79EFBC}") = "Var2021", "Var2021\Var2021.csproj", "{40220FEA-0F57-42E4-86F6-97F4CB62E516}"
EndProject
Global
	GlobalSection(SolutionConfigurationPlatforms) = preSolution
		Debug|Any CPU = Debug|Any CPU
		Release|Any CPU = Release|Any CPU
	EndGlobalSection
	GlobalSection(ProjectConfigurationPlatforms) = postSolution
		{40220FEA-0F57-42E4-86F6-97F4CB62E516}.Debug|Any CPU.ActiveCfg = Debug|Any CPU
		{40220FEA-0F57-42E4-86F6-97F4CB62E516}.Debug|Any CPU.Build.0 = Debug|Any CPU
		{40220FEA-0F57-42E4-86F6-97F4CB62E516}.Release|Any CPU.ActiveCfg = Release|Any CPU
		{40220FEA-0F57-42E4-86F6-97F4CB62E516}.Release|Any CPU.Build.0 = Release|Any CPU
	EndGlobalSection
	GlobalSection(SolutionProperties) = preSolution
		HideSolutionNode = FALSE
	EndGlobalSection
	GlobalSection(ExtensibilityGlobals) = postSolution
		SolutionGuid = {6ACD1964-FF37-445A-A432-4B6FD3B30468}
	EndGlobalSection
EndGlobal
