
Microsoft Visual Studio Solution File, Format Version 12.00
# Visual Studio Version 16
VisualStudioVersion = 16.0.31112.23
MinimumVisualStudioVersion = 10.0.40219.1
Project("{FAE04EC0-301F-11D3-BF4B-00C04F79EFBC}") = "Mikroszimulacio2", "Mikroszimulacio2\Mikroszimulacio2.csproj", "{FD5586CB-28CE-4183-96A2-F09F7A123A8C}"
EndProject
Global
	GlobalSection(SolutionConfigurationPlatforms) = preSolution
		Debug|Any CPU = Debug|Any CPU
		Release|Any CPU = Release|Any CPU
	EndGlobalSection
	GlobalSection(ProjectConfigurationPlatforms) = postSolution
		{FD5586CB-28CE-4183-96A2-F09F7A123A8C}.Debug|Any CPU.ActiveCfg = Debug|Any CPU
		{FD5586CB-28CE-4183-96A2-F09F7A123A8C}.Debug|Any CPU.Build.0 = Debug|Any CPU
		{FD5586CB-28CE-4183-96A2-F09F7A123A8C}.Release|Any CPU.ActiveCfg = Release|Any CPU
		{FD5586CB-28CE-4183-96A2-F09F7A123A8C}.Release|Any CPU.Build.0 = Release|Any CPU
	EndGlobalSection
	GlobalSection(SolutionProperties) = preSolution
		HideSolutionNode = FALSE
	EndGlobalSection
	GlobalSection(ExtensibilityGlobals) = postSolution
		SolutionGuid = {1E0479AE-0804-434D-BAB0-2D3440B83193}
	EndGlobalSection
EndGlobal
