
Microsoft Visual Studio Solution File, Format Version 12.00
# Visual Studio Version 16
VisualStudioVersion = 16.0.31112.23
MinimumVisualStudioVersion = 10.0.40219.1
Project("{FAE04EC0-301F-11D3-BF4B-00C04F79EFBC}") = "Gepitanulas", "Gepitanulas\Gepitanulas.csproj", "{6376D015-5D87-46BA-A088-1719D0E6D158}"
EndProject
Global
	GlobalSection(SolutionConfigurationPlatforms) = preSolution
		Debug|Any CPU = Debug|Any CPU
		Release|Any CPU = Release|Any CPU
	EndGlobalSection
	GlobalSection(ProjectConfigurationPlatforms) = postSolution
		{6376D015-5D87-46BA-A088-1719D0E6D158}.Debug|Any CPU.ActiveCfg = Debug|Any CPU
		{6376D015-5D87-46BA-A088-1719D0E6D158}.Debug|Any CPU.Build.0 = Debug|Any CPU
		{6376D015-5D87-46BA-A088-1719D0E6D158}.Release|Any CPU.ActiveCfg = Release|Any CPU
		{6376D015-5D87-46BA-A088-1719D0E6D158}.Release|Any CPU.Build.0 = Release|Any CPU
	EndGlobalSection
	GlobalSection(SolutionProperties) = preSolution
		HideSolutionNode = FALSE
	EndGlobalSection
	GlobalSection(ExtensibilityGlobals) = postSolution
		SolutionGuid = {54BF3C07-9493-47C8-803E-A8435238CF29}
	EndGlobalSection
EndGlobal
