
Microsoft Visual Studio Solution File, Format Version 12.00
# Visual Studio Version 16
VisualStudioVersion = 16.0.31112.23
MinimumVisualStudioVersion = 10.0.40219.1
Project("{FAE04EC0-301F-11D3-BF4B-00C04F79EFBC}") = "UserMaintenance2", "UserMaintenance2\UserMaintenance2.csproj", "{158E5E86-44ED-4AA5-92A6-6686FDD1F473}"
EndProject
Global
	GlobalSection(SolutionConfigurationPlatforms) = preSolution
		Debug|Any CPU = Debug|Any CPU
		Release|Any CPU = Release|Any CPU
	EndGlobalSection
	GlobalSection(ProjectConfigurationPlatforms) = postSolution
		{158E5E86-44ED-4AA5-92A6-6686FDD1F473}.Debug|Any CPU.ActiveCfg = Debug|Any CPU
		{158E5E86-44ED-4AA5-92A6-6686FDD1F473}.Debug|Any CPU.Build.0 = Debug|Any CPU
		{158E5E86-44ED-4AA5-92A6-6686FDD1F473}.Release|Any CPU.ActiveCfg = Release|Any CPU
		{158E5E86-44ED-4AA5-92A6-6686FDD1F473}.Release|Any CPU.Build.0 = Release|Any CPU
	EndGlobalSection
	GlobalSection(SolutionProperties) = preSolution
		HideSolutionNode = FALSE
	EndGlobalSection
	GlobalSection(ExtensibilityGlobals) = postSolution
		SolutionGuid = {5A776E84-942D-4384-BEF4-D4361C37A773}
	EndGlobalSection
EndGlobal
